[[package]]
category = "dev"
description = "Atomic file writes."
marker = "sys_platform == \"win32\""
name = "atomicwrites"
optional = false
python-versions = ">=2.7, !=3.0.*, !=3.1.*, !=3.2.*, !=3.3.*"
version = "1.4.0"

[[package]]
category = "dev"
description = "Classes Without Boilerplate"
name = "attrs"
optional = false
python-versions = ">=2.7, !=3.0.*, !=3.1.*, !=3.2.*, !=3.3.*"
version = "20.3.0"

[package.extras]
dev = ["coverage (>=5.0.2)", "hypothesis", "pympler", "pytest (>=4.3.0)", "six", "zope.interface", "furo", "sphinx", "pre-commit"]
docs = ["furo", "sphinx", "zope.interface"]
tests = ["coverage (>=5.0.2)", "hypothesis", "pympler", "pytest (>=4.3.0)", "six", "zope.interface"]
tests_no_zope = ["coverage (>=5.0.2)", "hypothesis", "pympler", "pytest (>=4.3.0)", "six"]

[[package]]
category = "main"
description = "Low-level, data-driven core of boto 3."
name = "botocore"
optional = false
python-versions = "*"
version = "1.19.51"

[package.dependencies]
jmespath = ">=0.7.1,<1.0.0"
python-dateutil = ">=2.1,<3.0.0"

[package.dependencies.urllib3]
python = "<3.4.0 || >=3.5.0"
version = ">=1.25.4,<1.27"

[[package]]
category = "dev"
description = "Cross-platform colored terminal text."
marker = "sys_platform == \"win32\""
name = "colorama"
optional = false
python-versions = ">=2.7, !=3.0.*, !=3.1.*, !=3.2.*, !=3.3.*, !=3.4.*"
version = "0.4.4"

[[package]]
category = "dev"
description = "the modular source code checker: pep8 pyflakes and co"
name = "flake8"
optional = false
python-versions = "!=3.0.*,!=3.1.*,!=3.2.*,!=3.3.*,>=2.7"
version = "3.8.4"

[package.dependencies]
mccabe = ">=0.6.0,<0.7.0"
pycodestyle = ">=2.6.0a1,<2.7.0"
pyflakes = ">=2.2.0,<2.3.0"

[package.dependencies.importlib-metadata]
python = "<3.8"
version = "*"

[[package]]
category = "main"
description = "File-system specification"
name = "fsspec"
optional = false
python-versions = ">3.6"
version = "0.8.5"

[package.extras]
abfs = ["adlfs"]
adl = ["adlfs"]
dask = ["dask", "distributed"]
dropbox = ["dropboxdrivefs", "requests", "dropbox"]
gcs = ["gcsfs"]
git = ["pygit2"]
github = ["requests"]
gs = ["gcsfs"]
hdfs = ["pyarrow"]
http = ["requests", "aiohttp"]
s3 = ["s3fs"]
sftp = ["paramiko"]
smb = ["smbprotocol"]
ssh = ["paramiko"]

[[package]]
category = "dev"
description = "Read metadata from Python packages"
marker = "python_version < \"3.8\""
name = "importlib-metadata"
optional = false
python-versions = ">=3.6"
version = "3.3.0"

[package.dependencies]
zipp = ">=0.5"

[package.dependencies.typing-extensions]
python = "<3.8"
version = ">=3.6.4"

[package.extras]
docs = ["sphinx", "jaraco.packaging (>=3.2)", "rst.linker (>=1.9)"]
testing = ["pytest (>=3.5,<3.7.3 || >3.7.3)", "pytest-checkdocs (>=1.2.3)", "pytest-flake8", "pytest-cov", "jaraco.test (>=3.2.0)", "packaging", "pep517", "pyfakefs", "flufl.flake8", "pytest-black (>=0.3.7)", "pytest-mypy", "importlib-resources (>=1.3)"]

[[package]]
category = "dev"
description = "iniconfig: brain-dead simple config-ini parsing"
name = "iniconfig"
optional = false
python-versions = "*"
version = "1.1.1"

[[package]]
category = "main"
description = "JSON Matching Expressions"
name = "jmespath"
optional = false
python-versions = ">=2.6, !=3.0.*, !=3.1.*, !=3.2.*"
version = "0.10.0"

[[package]]
category = "dev"
description = "McCabe checker, plugin for flake8"
name = "mccabe"
optional = false
python-versions = "*"
version = "0.6.1"

[[package]]
category = "main"
description = "NumPy is the fundamental package for array computing with Python."
name = "numpy"
optional = false
python-versions = ">=3.6"
version = "1.19.5"

[[package]]
category = "dev"
description = "Core utilities for Python packages"
name = "packaging"
optional = false
python-versions = ">=2.7, !=3.0.*, !=3.1.*, !=3.2.*, !=3.3.*"
version = "20.8"

[package.dependencies]
pyparsing = ">=2.0.2"

[[package]]
category = "main"
description = "Powerful data structures for data analysis, time series, and statistics"
name = "pandas"
optional = false
python-versions = ">=3.6.1"
version = "1.1.5"

[package.dependencies]
numpy = ">=1.15.4"
python-dateutil = ">=2.7.3"
pytz = ">=2017.2"

[package.extras]
test = ["pytest (>=4.0.2)", "pytest-xdist", "hypothesis (>=3.58)"]

[[package]]
category = "dev"
description = "plugin and hook calling mechanisms for python"
name = "pluggy"
optional = false
python-versions = ">=2.7, !=3.0.*, !=3.1.*, !=3.2.*, !=3.3.*"
version = "0.13.1"

[package.dependencies]
[package.dependencies.importlib-metadata]
python = "<3.8"
version = ">=0.12"

[package.extras]
dev = ["pre-commit", "tox"]

[[package]]
category = "dev"
description = "library with cross-python path, ini-parsing, io, code, log facilities"
name = "py"
optional = false
python-versions = ">=2.7, !=3.0.*, !=3.1.*, !=3.2.*, !=3.3.*"
version = "1.10.0"

[[package]]
category = "main"
description = "Python library for Apache Arrow"
name = "pyarrow"
optional = false
python-versions = ">=3.5"
version = "2.0.0"

[package.dependencies]
numpy = ">=1.14"

[[package]]
category = "dev"
description = "Python style guide checker"
name = "pycodestyle"
optional = false
python-versions = ">=2.7, !=3.0.*, !=3.1.*, !=3.2.*, !=3.3.*"
version = "2.6.0"

[[package]]
category = "dev"
description = "passive checker of Python programs"
name = "pyflakes"
optional = false
python-versions = ">=2.7, !=3.0.*, !=3.1.*, !=3.2.*, !=3.3.*"
version = "2.2.0"

[[package]]
category = "dev"
description = "Python parsing module"
name = "pyparsing"
optional = false
python-versions = ">=2.6, !=3.0.*, !=3.1.*, !=3.2.*"
version = "2.4.7"

[[package]]
category = "dev"
description = "pytest: simple powerful testing with Python"
name = "pytest"
optional = false
python-versions = ">=3.6"
version = "6.2.1"

[package.dependencies]
atomicwrites = ">=1.0"
attrs = ">=19.2.0"
colorama = "*"
iniconfig = "*"
packaging = "*"
pluggy = ">=0.12,<1.0.0a1"
py = ">=1.8.2"
toml = "*"

[package.dependencies.importlib-metadata]
python = "<3.8"
version = ">=0.12"

[package.extras]
testing = ["argcomplete", "hypothesis (>=3.56)", "mock", "nose", "requests", "xmlschema"]

[[package]]
category = "main"
description = "Extensions to the standard Python datetime module"
name = "python-dateutil"
optional = false
python-versions = "!=3.0.*,!=3.1.*,!=3.2.*,>=2.7"
version = "2.8.1"

[package.dependencies]
six = ">=1.5"

[[package]]
category = "main"
description = "World timezone definitions, modern and historical"
name = "pytz"
optional = false
python-versions = "*"
version = "2020.5"

[[package]]
category = "main"
description = "Convenient Filesystem interface over S3"
name = "s3fs"
optional = false
python-versions = ">= 3.5"
version = "0.4.2"

[package.dependencies]
botocore = ">=1.12.91"
fsspec = ">=0.6.0"

[[package]]
category = "main"
description = "Python 2 and 3 compatibility utilities"
name = "six"
optional = false
python-versions = ">=2.7, !=3.0.*, !=3.1.*, !=3.2.*"
version = "1.15.0"

[[package]]
category = "dev"
description = "Python Library for Tom's Obvious, Minimal Language"
name = "toml"
optional = false
python-versions = ">=2.6, !=3.0.*, !=3.1.*, !=3.2.*"
version = "0.10.2"

[[package]]
category = "dev"
description = "Backported and Experimental Type Hints for Python 3.5+"
marker = "python_version < \"3.8\""
name = "typing-extensions"
optional = false
python-versions = "*"
version = "3.7.4.3"

[[package]]
category = "main"
description = "HTTP library with thread-safe connection pooling, file post, and more."
marker = "python_version != \"3.4\""
name = "urllib3"
optional = false
python-versions = ">=2.7, !=3.0.*, !=3.1.*, !=3.2.*, !=3.3.*, !=3.4.*, <4"
version = "1.26.2"

[package.extras]
brotli = ["brotlipy (>=0.6.0)"]
secure = ["pyOpenSSL (>=0.14)", "cryptography (>=1.3.4)", "idna (>=2.0.0)", "certifi", "ipaddress"]
socks = ["PySocks (>=1.5.6,<1.5.7 || >1.5.7,<2.0)"]

[[package]]
category = "dev"
description = "Backport of pathlib-compatible object wrapper for zip files"
marker = "python_version < \"3.8\""
name = "zipp"
optional = false
python-versions = ">=3.6"
version = "3.4.0"

[package.extras]
docs = ["sphinx", "jaraco.packaging (>=3.2)", "rst.linker (>=1.9)"]
testing = ["pytest (>=3.5,<3.7.3 || >3.7.3)", "pytest-checkdocs (>=1.2.3)", "pytest-flake8", "pytest-cov", "jaraco.test (>=3.2.0)", "jaraco.itertools", "func-timeout", "pytest-black (>=0.3.7)", "pytest-mypy"]

[metadata]
content-hash = "c4d57bad8363cd14f3d8290625029af3eb460416091bd723cf93a35c07fc7e34"
lock-version = "1.0"
python-versions = ">=3.7,<3.9"

[metadata.files]
atomicwrites = [
    {file = "atomicwrites-1.4.0-py2.py3-none-any.whl", hash = "sha256:6d1784dea7c0c8d4a5172b6c620f40b6e4cbfdf96d783691f2e1302a7b88e197"},
    {file = "atomicwrites-1.4.0.tar.gz", hash = "sha256:ae70396ad1a434f9c7046fd2dd196fc04b12f9e91ffb859164193be8b6168a7a"},
]
attrs = [
    {file = "attrs-20.3.0-py2.py3-none-any.whl", hash = "sha256:31b2eced602aa8423c2aea9c76a724617ed67cf9513173fd3a4f03e3a929c7e6"},
    {file = "attrs-20.3.0.tar.gz", hash = "sha256:832aa3cde19744e49938b91fea06d69ecb9e649c93ba974535d08ad92164f700"},
]
botocore = [
    {file = "botocore-1.19.51-py2.py3-none-any.whl", hash = "sha256:76c0ce78fd2a7e9e08d038f2bba2ce10bee08e04546c7812a9654edb2dc4d496"},
    {file = "botocore-1.19.51.tar.gz", hash = "sha256:b204c5b477b043c7f61cba5db479c6b25f684f7409b71a8ecdb5a6b3f57b5cb4"},
]
colorama = [
    {file = "colorama-0.4.4-py2.py3-none-any.whl", hash = "sha256:9f47eda37229f68eee03b24b9748937c7dc3868f906e8ba69fbcbdd3bc5dc3e2"},
]
flake8 = [
    {file = "flake8-3.8.4-py2.py3-none-any.whl", hash = "sha256:749dbbd6bfd0cf1318af27bf97a14e28e5ff548ef8e5b1566ccfb25a11e7c839"},
    {file = "flake8-3.8.4.tar.gz", hash = "sha256:aadae8761ec651813c24be05c6f7b4680857ef6afaae4651a4eccaef97ce6c3b"},
]
fsspec = [
    {file = "fsspec-0.8.5-py3-none-any.whl", hash = "sha256:5629dc945800873cb2092df806c854e74c2799f4854247bce37ca7171000a7ec"},
    {file = "fsspec-0.8.5.tar.gz", hash = "sha256:890c6ce9325030f03bd2eae81389ddcbcee53bdd475334ca064595e1e45f92a6"},
]
importlib-metadata = [
    {file = "importlib_metadata-3.3.0-py3-none-any.whl", hash = "sha256:bf792d480abbd5eda85794e4afb09dd538393f7d6e6ffef6e9f03d2014cf9450"},
    {file = "importlib_metadata-3.3.0.tar.gz", hash = "sha256:5c5a2720817414a6c41f0a49993908068243ae02c1635a228126519b509c8aed"},
]
iniconfig = [
    {file = "iniconfig-1.1.1.tar.gz", hash = "sha256:bc3af051d7d14b2ee5ef9969666def0cd1a000e121eaea580d4a313df4b37f32"},
]
jmespath = [
    {file = "jmespath-0.10.0-py2.py3-none-any.whl", hash = "sha256:cdf6525904cc597730141d61b36f2e4b8ecc257c420fa2f4549bac2c2d0cb72f"},
    {file = "jmespath-0.10.0.tar.gz", hash = "sha256:b85d0567b8666149a93172712e68920734333c0ce7e89b78b3e987f71e5ed4f9"},
]
mccabe = [
    {file = "mccabe-0.6.1-py2.py3-none-any.whl", hash = "sha256:ab8a6258860da4b6677da4bd2fe5dc2c659cff31b3ee4f7f5d64e79735b80d42"},
    {file = "mccabe-0.6.1.tar.gz", hash = "sha256:dd8d182285a0fe56bace7f45b5e7d1a6ebcbf524e8f3bd87eb0f125271b8831f"},
]
numpy = [
    {file = "numpy-1.19.5-cp36-cp36m-macosx_10_9_x86_64.whl", hash = "sha256:cc6bd4fd593cb261332568485e20a0712883cf631f6f5e8e86a52caa8b2b50ff"},
    {file = "numpy-1.19.5-cp36-cp36m-manylinux1_i686.whl", hash = "sha256:aeb9ed923be74e659984e321f609b9ba54a48354bfd168d21a2b072ed1e833ea"},
    {file = "numpy-1.19.5-cp36-cp36m-manylinux1_x86_64.whl", hash = "sha256:8b5e972b43c8fc27d56550b4120fe6257fdc15f9301914380b27f74856299fea"},
    {file = "numpy-1.19.5-cp36-cp36m-manylinux2010_i686.whl", hash = "sha256:43d4c81d5ffdff6bae58d66a3cd7f54a7acd9a0e7b18d97abb255defc09e3140"},
    {file = "numpy-1.19.5-cp36-cp36m-manylinux2010_x86_64.whl", hash = "sha256:a4646724fba402aa7504cd48b4b50e783296b5e10a524c7a6da62e4a8ac9698d"},
    {file = "numpy-1.19.5-cp36-cp36m-manylinux2014_aarch64.whl", hash = "sha256:2e55195bc1c6b705bfd8ad6f288b38b11b1af32f3c8289d6c50d47f950c12e76"},
    {file = "numpy-1.19.5-cp36-cp36m-win32.whl", hash = "sha256:39b70c19ec771805081578cc936bbe95336798b7edf4732ed102e7a43ec5c07a"},
    {file = "numpy-1.19.5-cp36-cp36m-win_amd64.whl", hash = "sha256:dbd18bcf4889b720ba13a27ec2f2aac1981bd41203b3a3b27ba7a33f88ae4827"},
    {file = "numpy-1.19.5-cp37-cp37m-macosx_10_9_x86_64.whl", hash = "sha256:603aa0706be710eea8884af807b1b3bc9fb2e49b9f4da439e76000f3b3c6ff0f"},
    {file = "numpy-1.19.5-cp37-cp37m-manylinux1_i686.whl", hash = "sha256:cae865b1cae1ec2663d8ea56ef6ff185bad091a5e33ebbadd98de2cfa3fa668f"},
    {file = "numpy-1.19.5-cp37-cp37m-manylinux1_x86_64.whl", hash = "sha256:36674959eed6957e61f11c912f71e78857a8d0604171dfd9ce9ad5cbf41c511c"},
    {file = "numpy-1.19.5-cp37-cp37m-manylinux2010_i686.whl", hash = "sha256:06fab248a088e439402141ea04f0fffb203723148f6ee791e9c75b3e9e82f080"},
    {file = "numpy-1.19.5-cp37-cp37m-manylinux2010_x86_64.whl", hash = "sha256:6149a185cece5ee78d1d196938b2a8f9d09f5a5ebfbba66969302a778d5ddd1d"},
    {file = "numpy-1.19.5-cp37-cp37m-manylinux2014_aarch64.whl", hash = "sha256:50a4a0ad0111cc1b71fa32dedd05fa239f7fb5a43a40663269bb5dc7877cfd28"},
    {file = "numpy-1.19.5-cp37-cp37m-win32.whl", hash = "sha256:d051ec1c64b85ecc69531e1137bb9751c6830772ee5c1c426dbcfe98ef5788d7"},
    {file = "numpy-1.19.5-cp37-cp37m-win_amd64.whl", hash = "sha256:a12ff4c8ddfee61f90a1633a4c4afd3f7bcb32b11c52026c92a12e1325922d0d"},
    {file = "numpy-1.19.5-cp38-cp38-macosx_10_9_x86_64.whl", hash = "sha256:cf2402002d3d9f91c8b01e66fbb436a4ed01c6498fffed0e4c7566da1d40ee1e"},
    {file = "numpy-1.19.5-cp38-cp38-manylinux1_i686.whl", hash = "sha256:1ded4fce9cfaaf24e7a0ab51b7a87be9038ea1ace7f34b841fe3b6894c721d1c"},
    {file = "numpy-1.19.5-cp38-cp38-manylinux1_x86_64.whl", hash = "sha256:012426a41bc9ab63bb158635aecccc7610e3eff5d31d1eb43bc099debc979d94"},
    {file = "numpy-1.19.5-cp38-cp38-manylinux2010_i686.whl", hash = "sha256:759e4095edc3c1b3ac031f34d9459fa781777a93ccc633a472a5468587a190ff"},
    {file = "numpy-1.19.5-cp38-cp38-manylinux2010_x86_64.whl", hash = "sha256:a9d17f2be3b427fbb2bce61e596cf555d6f8a56c222bd2ca148baeeb5e5c783c"},
    {file = "numpy-1.19.5-cp38-cp38-manylinux2014_aarch64.whl", hash = "sha256:99abf4f353c3d1a0c7a5f27699482c987cf663b1eac20db59b8c7b061eabd7fc"},
    {file = "numpy-1.19.5-cp38-cp38-win32.whl", hash = "sha256:384ec0463d1c2671170901994aeb6dce126de0a95ccc3976c43b0038a37329c2"},
    {file = "numpy-1.19.5-cp38-cp38-win_amd64.whl", hash = "sha256:811daee36a58dc79cf3d8bdd4a490e4277d0e4b7d103a001a4e73ddb48e7e6aa"},
    {file = "numpy-1.19.5-cp39-cp39-macosx_10_9_x86_64.whl", hash = "sha256:c843b3f50d1ab7361ca4f0b3639bf691569493a56808a0b0c54a051d260b7dbd"},
    {file = "numpy-1.19.5-cp39-cp39-manylinux1_i686.whl", hash = "sha256:d6631f2e867676b13026e2846180e2c13c1e11289d67da08d71cacb2cd93d4aa"},
    {file = "numpy-1.19.5-cp39-cp39-manylinux1_x86_64.whl", hash = "sha256:7fb43004bce0ca31d8f13a6eb5e943fa73371381e53f7074ed21a4cb786c32f8"},
    {file = "numpy-1.19.5-cp39-cp39-manylinux2010_i686.whl", hash = "sha256:2ea52bd92ab9f768cc64a4c3ef8f4b2580a17af0a5436f6126b08efbd1838371"},
    {file = "numpy-1.19.5-cp39-cp39-manylinux2010_x86_64.whl", hash = "sha256:400580cbd3cff6ffa6293df2278c75aef2d58d8d93d3c5614cd67981dae68ceb"},
    {file = "numpy-1.19.5-cp39-cp39-manylinux2014_aarch64.whl", hash = "sha256:df609c82f18c5b9f6cb97271f03315ff0dbe481a2a02e56aeb1b1a985ce38e60"},
    {file = "numpy-1.19.5-cp39-cp39-win32.whl", hash = "sha256:ab83f24d5c52d60dbc8cd0528759532736b56db58adaa7b5f1f76ad551416a1e"},
    {file = "numpy-1.19.5-cp39-cp39-win_amd64.whl", hash = "sha256:0eef32ca3132a48e43f6a0f5a82cb508f22ce5a3d6f67a8329c81c8e226d3f6e"},
    {file = "numpy-1.19.5-pp36-pypy36_pp73-manylinux2010_x86_64.whl", hash = "sha256:a0d53e51a6cb6f0d9082decb7a4cb6dfb33055308c4c44f53103c073f649af73"},
    {file = "numpy-1.19.5.zip", hash = "sha256:a76f502430dd98d7546e1ea2250a7360c065a5fdea52b2dffe8ae7180909b6f4"},
]
packaging = [
    {file = "packaging-20.8-py2.py3-none-any.whl", hash = "sha256:24e0da08660a87484d1602c30bb4902d74816b6985b93de36926f5bc95741858"},
    {file = "packaging-20.8.tar.gz", hash = "sha256:78598185a7008a470d64526a8059de9aaa449238f280fc9eb6b13ba6c4109093"},
]
pandas = [
    {file = "pandas-1.1.5-cp36-cp36m-macosx_10_9_x86_64.whl", hash = "sha256:bf23a3b54d128b50f4f9d4675b3c1857a688cc6731a32f931837d72effb2698d"},
    {file = "pandas-1.1.5-cp36-cp36m-manylinux1_i686.whl", hash = "sha256:5a780260afc88268a9d3ac3511d8f494fdcf637eece62fb9eb656a63d53eb7ca"},
    {file = "pandas-1.1.5-cp36-cp36m-manylinux1_x86_64.whl", hash = "sha256:b61080750d19a0122469ab59b087380721d6b72a4e7d962e4d7e63e0c4504814"},
    {file = "pandas-1.1.5-cp36-cp36m-manylinux2014_aarch64.whl", hash = "sha256:0de3ddb414d30798cbf56e642d82cac30a80223ad6fe484d66c0ce01a84d6f2f"},
    {file = "pandas-1.1.5-cp36-cp36m-win32.whl", hash = "sha256:70865f96bb38fec46f7ebd66d4b5cfd0aa6b842073f298d621385ae3898d28b5"},
    {file = "pandas-1.1.5-cp36-cp36m-win_amd64.whl", hash = "sha256:19a2148a1d02791352e9fa637899a78e371a3516ac6da5c4edc718f60cbae648"},
    {file = "pandas-1.1.5-cp37-cp37m-macosx_10_9_x86_64.whl", hash = "sha256:26fa92d3ac743a149a31b21d6f4337b0594b6302ea5575b37af9ca9611e8981a"},
    {file = "pandas-1.1.5-cp37-cp37m-manylinux1_i686.whl", hash = "sha256:c16d59c15d946111d2716856dd5479221c9e4f2f5c7bc2d617f39d870031e086"},
    {file = "pandas-1.1.5-cp37-cp37m-manylinux1_x86_64.whl", hash = "sha256:3be7a7a0ca71a2640e81d9276f526bca63505850add10206d0da2e8a0a325dae"},
    {file = "pandas-1.1.5-cp37-cp37m-manylinux2014_aarch64.whl", hash = "sha256:573fba5b05bf2c69271a32e52399c8de599e4a15ab7cec47d3b9c904125ab788"},
    {file = "pandas-1.1.5-cp37-cp37m-win32.whl", hash = "sha256:21b5a2b033380adbdd36b3116faaf9a4663e375325831dac1b519a44f9e439bb"},
    {file = "pandas-1.1.5-cp37-cp37m-win_amd64.whl", hash = "sha256:24c7f8d4aee71bfa6401faeba367dd654f696a77151a8a28bc2013f7ced4af98"},
    {file = "pandas-1.1.5-cp38-cp38-macosx_10_9_x86_64.whl", hash = "sha256:2860a97cbb25444ffc0088b457da0a79dc79f9c601238a3e0644312fcc14bf11"},
    {file = "pandas-1.1.5-cp38-cp38-manylinux1_i686.whl", hash = "sha256:5008374ebb990dad9ed48b0f5d0038124c73748f5384cc8c46904dace27082d9"},
    {file = "pandas-1.1.5-cp38-cp38-manylinux1_x86_64.whl", hash = "sha256:2c2f7c670ea4e60318e4b7e474d56447cf0c7d83b3c2a5405a0dbb2600b9c48e"},
    {file = "pandas-1.1.5-cp38-cp38-manylinux2014_aarch64.whl", hash = "sha256:0a643bae4283a37732ddfcecab3f62dd082996021b980f580903f4e8e01b3c5b"},
    {file = "pandas-1.1.5-cp38-cp38-win32.whl", hash = "sha256:5447ea7af4005b0daf695a316a423b96374c9c73ffbd4533209c5ddc369e644b"},
    {file = "pandas-1.1.5-cp38-cp38-win_amd64.whl", hash = "sha256:4c62e94d5d49db116bef1bd5c2486723a292d79409fc9abd51adf9e05329101d"},
    {file = "pandas-1.1.5-cp39-cp39-macosx_10_9_x86_64.whl", hash = "sha256:731568be71fba1e13cae212c362f3d2ca8932e83cb1b85e3f1b4dd77d019254a"},
    {file = "pandas-1.1.5-cp39-cp39-manylinux1_i686.whl", hash = "sha256:c61c043aafb69329d0f961b19faa30b1dab709dd34c9388143fc55680059e55a"},
    {file = "pandas-1.1.5-cp39-cp39-manylinux1_x86_64.whl", hash = "sha256:2b1c6cd28a0dfda75c7b5957363333f01d370936e4c6276b7b8e696dd500582a"},
    {file = "pandas-1.1.5-cp39-cp39-win32.whl", hash = "sha256:c94ff2780a1fd89f190390130d6d36173ca59fcfb3fe0ff596f9a56518191ccb"},
    {file = "pandas-1.1.5-cp39-cp39-win_amd64.whl", hash = "sha256:edda9bacc3843dfbeebaf7a701763e68e741b08fccb889c003b0a52f0ee95782"},
    {file = "pandas-1.1.5.tar.gz", hash = "sha256:f10fc41ee3c75a474d3bdf68d396f10782d013d7f67db99c0efbfd0acb99701b"},
]
pluggy = [
    {file = "pluggy-0.13.1-py2.py3-none-any.whl", hash = "sha256:966c145cd83c96502c3c3868f50408687b38434af77734af1e9ca461a4081d2d"},
    {file = "pluggy-0.13.1.tar.gz", hash = "sha256:15b2acde666561e1298d71b523007ed7364de07029219b604cf808bfa1c765b0"},
]
py = [
    {file = "py-1.10.0-py2.py3-none-any.whl", hash = "sha256:3b80836aa6d1feeaa108e046da6423ab8f6ceda6468545ae8d02d9d58d18818a"},
    {file = "py-1.10.0.tar.gz", hash = "sha256:21b81bda15b66ef5e1a777a21c4dcd9c20ad3efd0b3f817e7a809035269e1bd3"},
]
pyarrow = [
    {file = "pyarrow-2.0.0-cp35-cp35m-macosx_10_13_intel.whl", hash = "sha256:6afc71cc9c234f3cdbe971297468755ec3392966cb19d3a6caf42fd7dbc6aaa9"},
    {file = "pyarrow-2.0.0-cp35-cp35m-macosx_10_9_intel.whl", hash = "sha256:eb05038b750a6e16a9680f9d2c40d050796284ea1f94690da8f4f28805af0495"},
    {file = "pyarrow-2.0.0-cp35-cp35m-manylinux1_x86_64.whl", hash = "sha256:3e33e9003794c9062f4c963a10f2a0d787b83d4d1a517a375294f2293180b778"},
    {file = "pyarrow-2.0.0-cp35-cp35m-manylinux2010_x86_64.whl", hash = "sha256:ffb306951b5925a0638dc2ef1ab7ce8033f39e5b4e0fef5787b91ef4fa7da19d"},
    {file = "pyarrow-2.0.0-cp35-cp35m-manylinux2014_x86_64.whl", hash = "sha256:dc0d04c42632e65c4fcbe2f82c70109c5f347652844ead285bc1285dc3a67660"},
    {file = "pyarrow-2.0.0-cp35-cp35m-win_amd64.whl", hash = "sha256:916b593a24f2812b9a75adef1143b1dd89d799e1803282fea2829c5dc0b828ea"},
    {file = "pyarrow-2.0.0-cp36-cp36m-macosx_10_13_x86_64.whl", hash = "sha256:c801e59ec4e8d9d871e299726a528c3ba3139f2ce2d9cdab101f8483c52eec7c"},
    {file = "pyarrow-2.0.0-cp36-cp36m-macosx_10_9_x86_64.whl", hash = "sha256:0bf43e520c33ceb1dd47263a5326830fca65f18d827f7f7b8fe7e64fc4364d88"},
    {file = "pyarrow-2.0.0-cp36-cp36m-manylinux1_x86_64.whl", hash = "sha256:0b358773eb9fb1b31c8217c6c8c0b4681c3dff80562dc23ad5b379f0279dad69"},
    {file = "pyarrow-2.0.0-cp36-cp36m-manylinux2010_x86_64.whl", hash = "sha256:1000e491e9a539588ec33a2c2603cf05f1d4629aef375345bfd64f2ab7bc8529"},
    {file = "pyarrow-2.0.0-cp36-cp36m-manylinux2014_x86_64.whl", hash = "sha256:ce0462cec7f81c4ff87ce1a95c82a8d467606dce6c72e92906ac251c6115f32b"},
    {file = "pyarrow-2.0.0-cp36-cp36m-win_amd64.whl", hash = "sha256:16ec87163a2fb4abd48bf79cbdf70a7455faa83740e067c2280cfa45a63ed1f3"},
    {file = "pyarrow-2.0.0-cp37-cp37m-macosx_10_13_x86_64.whl", hash = "sha256:acdd18fd83c0be0b53a8e734c0a650fb27bbf4e7d96a8f7eb0a7506ea58bd594"},
    {file = "pyarrow-2.0.0-cp37-cp37m-macosx_10_9_x86_64.whl", hash = "sha256:9a8d3c6baa6e159017d97e8a028ae9eaa2811d8f1ab3d22710c04dcddc0dd7a1"},
    {file = "pyarrow-2.0.0-cp37-cp37m-manylinux1_x86_64.whl", hash = "sha256:652c5dff97624375ed0f97cc8ad6f88ee01953f15c17083917735de171f03fe0"},
    {file = "pyarrow-2.0.0-cp37-cp37m-manylinux2010_x86_64.whl", hash = "sha256:00d8fb8a9b2d9bb2f0ced2765b62c5d72689eed06c47315bca004584b0ccda60"},
    {file = "pyarrow-2.0.0-cp37-cp37m-manylinux2014_x86_64.whl", hash = "sha256:fb69672e69e1b752744ee1e236fdf03aad78ffec905fc5c19adbaf88bac4d0fd"},
    {file = "pyarrow-2.0.0-cp37-cp37m-win_amd64.whl", hash = "sha256:ccff3a72f70ebfcc002bf75f5ad1248065e5c9c14e0dcfa599a438ea221c5658"},
    {file = "pyarrow-2.0.0-cp38-cp38-macosx_10_13_x86_64.whl", hash = "sha256:bc8c3713086e4a137b3fda4b149440458b1b0bd72f67b1afa2c7068df1edc060"},
    {file = "pyarrow-2.0.0-cp38-cp38-macosx_10_9_x86_64.whl", hash = "sha256:9f4ba9ab479c0172e532f5d73c68e30a31c16b01e09bb21eba9201561231f722"},
    {file = "pyarrow-2.0.0-cp38-cp38-manylinux1_x86_64.whl", hash = "sha256:0db5156a66615591a4a8c66a9a30890a364a259de8d2a6ccb873c7d1740e6c75"},
    {file = "pyarrow-2.0.0-cp38-cp38-manylinux2010_x86_64.whl", hash = "sha256:cf9bf10daadbbf1a360ac1c7dab0b4f8381d81a3f452737bd6ed310d57a88be8"},
    {file = "pyarrow-2.0.0-cp38-cp38-manylinux2014_x86_64.whl", hash = "sha256:dd661b6598ce566c6f41d31cc1fc4482308613c2c0c808bd8db33b0643192f84"},
    {file = "pyarrow-2.0.0-cp38-cp38-win_amd64.whl", hash = "sha256:14b02a629986c25e045f81771799e07a8bb3f339898c111314066436769a3dd4"},
    {file = "pyarrow-2.0.0.tar.gz", hash = "sha256:b5e6cd217457e8febcc98a6c279b96f72d5c31a24cd2bffd8d3b2da701d2025c"},
]
pycodestyle = [
    {file = "pycodestyle-2.6.0-py2.py3-none-any.whl", hash = "sha256:2295e7b2f6b5bd100585ebcb1f616591b652db8a741695b3d8f5d28bdc934367"},
    {file = "pycodestyle-2.6.0.tar.gz", hash = "sha256:c58a7d2815e0e8d7972bf1803331fb0152f867bd89adf8a01dfd55085434192e"},
]
pyflakes = [
    {file = "pyflakes-2.2.0-py2.py3-none-any.whl", hash = "sha256:0d94e0e05a19e57a99444b6ddcf9a6eb2e5c68d3ca1e98e90707af8152c90a92"},
    {file = "pyflakes-2.2.0.tar.gz", hash = "sha256:35b2d75ee967ea93b55750aa9edbbf72813e06a66ba54438df2cfac9e3c27fc8"},
]
pyparsing = [
    {file = "pyparsing-2.4.7-py2.py3-none-any.whl", hash = "sha256:ef9d7589ef3c200abe66653d3f1ab1033c3c419ae9b9bdb1240a85b024efc88b"},
    {file = "pyparsing-2.4.7.tar.gz", hash = "sha256:c203ec8783bf771a155b207279b9bccb8dea02d8f0c9e5f8ead507bc3246ecc1"},
]
pytest = [
    {file = "pytest-6.2.1-py3-none-any.whl", hash = "sha256:1969f797a1a0dbd8ccf0fecc80262312729afea9c17f1d70ebf85c5e76c6f7c8"},
    {file = "pytest-6.2.1.tar.gz", hash = "sha256:66e419b1899bc27346cb2c993e12c5e5e8daba9073c1fbce33b9807abc95c306"},
]
python-dateutil = [
    {file = "python-dateutil-2.8.1.tar.gz", hash = "sha256:73ebfe9dbf22e832286dafa60473e4cd239f8592f699aa5adaf10050e6e1823c"},
    {file = "python_dateutil-2.8.1-py2.py3-none-any.whl", hash = "sha256:75bb3f31ea686f1197762692a9ee6a7550b59fc6ca3a1f4b5d7e32fb98e2da2a"},
]
pytz = [
    {file = "pytz-2020.5-py2.py3-none-any.whl", hash = "sha256:16962c5fb8db4a8f63a26646d8886e9d769b6c511543557bc84e9569fb9a9cb4"},
    {file = "pytz-2020.5.tar.gz", hash = "sha256:180befebb1927b16f6b57101720075a984c019ac16b1b7575673bea42c6c3da5"},
]
s3fs = [
    {file = "s3fs-0.4.2-py3-none-any.whl", hash = "sha256:91c1dfb45e5217bd441a7a560946fe865ced6225ff7eb0fb459fe6e601a95ed3"},
    {file = "s3fs-0.4.2.tar.gz", hash = "sha256:2ca5de8dc18ad7ad350c0bd01aef0406aa5d0fff78a561f0f710f9d9858abdd0"},
]
six = [
    {file = "six-1.15.0-py2.py3-none-any.whl", hash = "sha256:8b74bedcbbbaca38ff6d7491d76f2b06b3592611af620f8426e82dddb04a5ced"},
    {file = "six-1.15.0.tar.gz", hash = "sha256:30639c035cdb23534cd4aa2dd52c3bf48f06e5f4a941509c8bafd8ce11080259"},
]
toml = [
    {file = "toml-0.10.2-py2.py3-none-any.whl", hash = "sha256:806143ae5bfb6a3c6e736a764057db0e6a0e05e338b5630894a5f779cabb4f9b"},
    {file = "toml-0.10.2.tar.gz", hash = "sha256:b3bda1d108d5dd99f4a20d24d9c348e91c4db7ab1b749200bded2f839ccbe68f"},
]
typing-extensions = [
    {file = "typing_extensions-3.7.4.3-py2-none-any.whl", hash = "sha256:dafc7639cde7f1b6e1acc0f457842a83e722ccca8eef5270af2d74792619a89f"},
    {file = "typing_extensions-3.7.4.3-py3-none-any.whl", hash = "sha256:7cb407020f00f7bfc3cb3e7881628838e69d8f3fcab2f64742a5e76b2f841918"},
    {file = "typing_extensions-3.7.4.3.tar.gz", hash = "sha256:99d4073b617d30288f569d3f13d2bd7548c3a7e4c8de87db09a9d29bb3a4a60c"},
]
urllib3 = [
    {file = "urllib3-1.26.2-py2.py3-none-any.whl", hash = "sha256:d8ff90d979214d7b4f8ce956e80f4028fc6860e4431f731ea4a8c08f23f99473"},
    {file = "urllib3-1.26.2.tar.gz", hash = "sha256:19188f96923873c92ccb987120ec4acaa12f0461fa9ce5d3d0772bc965a39e08"},
]
zipp = [
    {file = "zipp-3.4.0-py3-none-any.whl", hash = "sha256:102c24ef8f171fd729d46599845e95c7ab894a4cf45f5de11a44cc7444fb1108"},
    {file = "zipp-3.4.0.tar.gz", hash = "sha256:ed5eee1974372595f9e416cc7bbeeb12335201d8081ca8a0743c954d4446e5cb"},
]
